
Microsoft Visual Studio Solution File, Format Version 12.00
# Visual Studio Version 16
VisualStudioVersion = 16.0.29326.143
MinimumVisualStudioVersion = 10.0.40219.1
Project("{9A19103F-16F7-4668-BE54-9A1E7A4F7556}") = "SuperThings.Data", "SuperThings.Data\SuperThings.Data.csproj", "{D860FDEB-6736-4241-9A5A-8CA8D3ED4818}"
EndProject
Project("{9A19103F-16F7-4668-BE54-9A1E7A4F7556}") = "SuperThings.Logic", "SuperThings.Logic\SuperThings.Logic.csproj", "{9255379E-B1FB-4D64-8074-0CC5859A47B5}"
EndProject
Project("{9A19103F-16F7-4668-BE54-9A1E7A4F7556}") = "SuperThings.Api", "SuperThings.Api\SuperThings.Api.csproj", "{D3DEE55C-8CBD-420B-A38B-C845A0FE812A}"
EndProject
Project("{FAE04EC0-301F-11D3-BF4B-00C04F79EFBC}") = "SuperThings.Dashboard", "SuperThings.Dashboard\SuperThings.Dashboard.csproj", "{53067A66-FA9E-4E24-8E4F-7957A0D65EC2}"
EndProject
Global
	GlobalSection(SolutionConfigurationPlatforms) = preSolution
		Debug|Any CPU = Debug|Any CPU
		Release|Any CPU = Release|Any CPU
	EndGlobalSection
	GlobalSection(ProjectConfigurationPlatforms) = postSolution
		{D860FDEB-6736-4241-9A5A-8CA8D3ED4818}.Debug|Any CPU.ActiveCfg = Debug|Any CPU
		{D860FDEB-6736-4241-9A5A-8CA8D3ED4818}.Debug|Any CPU.Build.0 = Debug|Any CPU
		{D860FDEB-6736-4241-9A5A-8CA8D3ED4818}.Release|Any CPU.ActiveCfg = Release|Any CPU
		{D860FDEB-6736-4241-9A5A-8CA8D3ED4818}.Release|Any CPU.Build.0 = Release|Any CPU
		{9255379E-B1FB-4D64-8074-0CC5859A47B5}.Debug|Any CPU.ActiveCfg = Debug|Any CPU
		{9255379E-B1FB-4D64-8074-0CC5859A47B5}.Debug|Any CPU.Build.0 = Debug|Any CPU
		{9255379E-B1FB-4D64-8074-0CC5859A47B5}.Release|Any CPU.ActiveCfg = Release|Any CPU
		{9255379E-B1FB-4D64-8074-0CC5859A47B5}.Release|Any CPU.Build.0 = Release|Any CPU
		{D3DEE55C-8CBD-420B-A38B-C845A0FE812A}.Debug|Any CPU.ActiveCfg = Debug|Any CPU
		{D3DEE55C-8CBD-420B-A38B-C845A0FE812A}.Debug|Any CPU.Build.0 = Debug|Any CPU
		{D3DEE55C-8CBD-420B-A38B-C845A0FE812A}.Release|Any CPU.ActiveCfg = Release|Any CPU
		{D3DEE55C-8CBD-420B-A38B-C845A0FE812A}.Release|Any CPU.Build.0 = Release|Any CPU
		{53067A66-FA9E-4E24-8E4F-7957A0D65EC2}.Debug|Any CPU.ActiveCfg = Debug|Any CPU
		{53067A66-FA9E-4E24-8E4F-7957A0D65EC2}.Debug|Any CPU.Build.0 = Debug|Any CPU
		{53067A66-FA9E-4E24-8E4F-7957A0D65EC2}.Release|Any CPU.ActiveCfg = Release|Any CPU
		{53067A66-FA9E-4E24-8E4F-7957A0D65EC2}.Release|Any CPU.Build.0 = Release|Any CPU
	EndGlobalSection
	GlobalSection(SolutionProperties) = preSolution
		HideSolutionNode = FALSE
	EndGlobalSection
	GlobalSection(ExtensibilityGlobals) = postSolution
		SolutionGuid = {44D8AA40-E339-4FAC-B3C5-112E96F7639F}
	EndGlobalSection
EndGlobal
